// !$*UTF8*$!
{
	archiveVersion = 1;
	classes = {
	};
	objectVersion = 56;
	objects = {

/* Begin PBXBuildFile section */
		6B06DC9D2C78986200D5FAE8 /* Buton_buttonStyle.swift in Sources */ = {isa = PBXBuildFile; fileRef = 6B06DC9C2C78986200D5FAE8 /* Buton_buttonStyle.swift */; };
		6B06DC9F2C7906C200D5FAE8 /* Button_action_label.swift in Sources */ = {isa = PBXBuildFile; fileRef = 6B06DC9E2C7906C200D5FAE8 /* Button_action_label.swift */; };
		6B27A6762C74F2DE00F1CE3F /* VStack_implicit.swift in Sources */ = {isa = PBXBuildFile; fileRef = 6B27A6752C74F2DE00F1CE3F /* VStack_implicit.swift */; };
		6B27A6782C74F38000F1CE3F /* VStack_Explicit.swift in Sources */ = {isa = PBXBuildFile; fileRef = 6B27A6772C74F38000F1CE3F /* VStack_Explicit.swift */; };
		6B27A67A2C74F45000F1CE3F /* VStack_spacing.swift in Sources */ = {isa = PBXBuildFile; fileRef = 6B27A6792C74F45000F1CE3F /* VStack_spacing.swift */; };
		6B27A67C2C74F71900F1CE3F /* VStack_alignment.swift in Sources */ = {isa = PBXBuildFile; fileRef = 6B27A67B2C74F71900F1CE3F /* VStack_alignment.swift */; };
		6B27A67E2C74F7A100F1CE3F /* VStack_Spacer.swift in Sources */ = {isa = PBXBuildFile; fileRef = 6B27A67D2C74F7A100F1CE3F /* VStack_Spacer.swift */; };
		6B312B1C2C7373D60041A9D8 /* Form_Text_Section.swift in Sources */ = {isa = PBXBuildFile; fileRef = 6B312B1B2C7373D60041A9D8 /* Form_Text_Section.swift */; };
		6B312B1E2C7375D70041A9D8 /* NavigationStack_Form_Text_Section.swift in Sources */ = {isa = PBXBuildFile; fileRef = 6B312B1D2C7375D70041A9D8 /* NavigationStack_Form_Text_Section.swift */; };
		6B312B202C73791A0041A9D8 /* NavigationStack_Form_navigationTitle.swift in Sources */ = {isa = PBXBuildFile; fileRef = 6B312B1F2C73791A0041A9D8 /* NavigationStack_Form_navigationTitle.swift */; };
		6B312B222C737BB70041A9D8 /* State_TapCount.swift in Sources */ = {isa = PBXBuildFile; fileRef = 6B312B212C737BB70041A9D8 /* State_TapCount.swift */; };
		6B312B242C7380EB0041A9D8 /* TwoWayBindingState_EnterYourName.swift in Sources */ = {isa = PBXBuildFile; fileRef = 6B312B232C7380EB0041A9D8 /* TwoWayBindingState_EnterYourName.swift */; };
		6B312B262C7383F60041A9D8 /* ForEach_Range.swift in Sources */ = {isa = PBXBuildFile; fileRef = 6B312B252C7383F60041A9D8 /* ForEach_Range.swift */; };
		6B312B282C7386160041A9D8 /* ForEach_Range_shorthandSyntax.swift in Sources */ = {isa = PBXBuildFile; fileRef = 6B312B272C7386160041A9D8 /* ForEach_Range_shorthandSyntax.swift */; };
		6B312B2A2C73877E0041A9D8 /* ForEach_Picker.swift in Sources */ = {isa = PBXBuildFile; fileRef = 6B312B292C73877E0041A9D8 /* ForEach_Picker.swift */; };
		6B504F6A2C7DD97300B8AE4D /* Button_alert_Button_role.swift in Sources */ = {isa = PBXBuildFile; fileRef = 6B504F692C7DD97300B8AE4D /* Button_alert_Button_role.swift */; };
		6B5091A82C75E607006AFE4E /* ZStack_Color_frame_minWidth.swift in Sources */ = {isa = PBXBuildFile; fileRef = 6B5091A72C75E607006AFE4E /* ZStack_Color_frame_minWidth.swift */; };
		6B5091AA2C75EDA7006AFE4E /* ZStack_Color_semanticColors1.swift in Sources */ = {isa = PBXBuildFile; fileRef = 6B5091A92C75EDA7006AFE4E /* ZStack_Color_semanticColors1.swift */; };
		6B5091AC2C75EF1E006AFE4E /* ZStack_Color_semanticColors2.swift in Sources */ = {isa = PBXBuildFile; fileRef = 6B5091AB2C75EF1E006AFE4E /* ZStack_Color_semanticColors2.swift */; };
		6B5091AE2C75F050006AFE4E /* ZStack_Color_RGBCostumeValues.swift in Sources */ = {isa = PBXBuildFile; fileRef = 6B5091AD2C75F050006AFE4E /* ZStack_Color_RGBCostumeValues.swift */; };
		6B5091B02C75F5D3006AFE4E /* ZStack_Color_ignoresSafeArea.swift in Sources */ = {isa = PBXBuildFile; fileRef = 6B5091AF2C75F5D3006AFE4E /* ZStack_Color_ignoresSafeArea.swift */; };
		6B5091B22C75F728006AFE4E /* ZStack_Color_ultraThinMaterial.swift in Sources */ = {isa = PBXBuildFile; fileRef = 6B5091B12C75F728006AFE4E /* ZStack_Color_ultraThinMaterial.swift */; };
		6B58FF5B2C7A3DC800B1ACD0 /* Button_label_Image_systemImage.swift in Sources */ = {isa = PBXBuildFile; fileRef = 6B58FF5A2C7A3DC800B1ACD0 /* Button_label_Image_systemImage.swift */; };
		6B60B5602C76441E0036A99B /* LinearGradient_colors.swift in Sources */ = {isa = PBXBuildFile; fileRef = 6B60B55F2C76441E0036A99B /* LinearGradient_colors.swift */; };
		6B71CB522C8870D6008AE70C /* VStack_padding_background.swift in Sources */ = {isa = PBXBuildFile; fileRef = 6B71CB512C8870D6008AE70C /* VStack_padding_background.swift */; };
		6B71CB542C887532008AE70C /* VStack_frame_background.swift in Sources */ = {isa = PBXBuildFile; fileRef = 6B71CB532C887532008AE70C /* VStack_frame_background.swift */; };
		6BA9E40A2C7AE7C6000C6388 /* Button_systemImage.swift in Sources */ = {isa = PBXBuildFile; fileRef = 6BA9E4092C7AE7C6000C6388 /* Button_systemImage.swift */; };
		6BB165742C736EED00D9DBCB /* SwiftUI_Projects_OverviewsApp.swift in Sources */ = {isa = PBXBuildFile; fileRef = 6BB165732C736EED00D9DBCB /* SwiftUI_Projects_OverviewsApp.swift */; };
		6BB165762C736EED00D9DBCB /* Form_Text.swift in Sources */ = {isa = PBXBuildFile; fileRef = 6BB165752C736EED00D9DBCB /* Form_Text.swift */; };
		6BB165782C736EEE00D9DBCB /* Assets.xcassets in Resources */ = {isa = PBXBuildFile; fileRef = 6BB165772C736EEE00D9DBCB /* Assets.xcassets */; };
		6BB1657B2C736EEE00D9DBCB /* Preview Assets.xcassets in Resources */ = {isa = PBXBuildFile; fileRef = 6BB1657A2C736EEE00D9DBCB /* Preview Assets.xcassets */; };
		6BC561952C74FA4100C27484 /* VStack_Spacers.swift in Sources */ = {isa = PBXBuildFile; fileRef = 6BC561942C74FA4100C27484 /* VStack_Spacers.swift */; };
		6BC561972C74FBA200C27484 /* ZStack_background1.swift in Sources */ = {isa = PBXBuildFile; fileRef = 6BC561962C74FBA200C27484 /* ZStack_background1.swift */; };
		6BC561992C74FEF400C27484 /* ZStack_background2.swift in Sources */ = {isa = PBXBuildFile; fileRef = 6BC561982C74FEF400C27484 /* ZStack_background2.swift */; };
		6BC5619B2C74FF8D00C27484 /* ZStack_Color_frame_wholeArea.swift in Sources */ = {isa = PBXBuildFile; fileRef = 6BC5619A2C74FF8D00C27484 /* ZStack_Color_frame_wholeArea.swift */; };
		6BC5619D2C75015200C27484 /* ZStack_Color_specificSize.swift in Sources */ = {isa = PBXBuildFile; fileRef = 6BC5619C2C75015200C27484 /* ZStack_Color_specificSize.swift */; };
		6BE4CD642C7B83EA00B47692 /* Button_label_Label.swift in Sources */ = {isa = PBXBuildFile; fileRef = 6BE4CD632C7B83EA00B47692 /* Button_label_Label.swift */; };
		6BF876DD2C7CE7FD006002F4 /* Button_alert.swift in Sources */ = {isa = PBXBuildFile; fileRef = 6BF876DC2C7CE7FD006002F4 /* Button_alert.swift */; };
		6BFBE87E2C7737C800617D39 /* LinearGradient_stops1.swift in Sources */ = {isa = PBXBuildFile; fileRef = 6BFBE87D2C7737C800617D39 /* LinearGradient_stops1.swift */; };
		6BFBE8802C773AA700617D39 /* LinearGradient_stops2.swift in Sources */ = {isa = PBXBuildFile; fileRef = 6BFBE87F2C773AA700617D39 /* LinearGradient_stops2.swift */; };
		6BFBE8822C773D9700617D39 /* RadialGradient_colors.swift in Sources */ = {isa = PBXBuildFile; fileRef = 6BFBE8812C773D9700617D39 /* RadialGradient_colors.swift */; };
		6BFBE8842C7740CD00617D39 /* AngularGradient_colors.swift in Sources */ = {isa = PBXBuildFile; fileRef = 6BFBE8832C7740CD00617D39 /* AngularGradient_colors.swift */; };
		6BFBE8862C77445C00617D39 /* Text_frame_background_Color_gradient.swift in Sources */ = {isa = PBXBuildFile; fileRef = 6BFBE8852C77445C00617D39 /* Text_frame_background_Color_gradient.swift */; };
		6BFBE8882C774A4800617D39 /* Button_titleKey_action.swift in Sources */ = {isa = PBXBuildFile; fileRef = 6BFBE8872C774A4800617D39 /* Button_titleKey_action.swift */; };
		6BFBE88A2C778D5C00617D39 /* Button_titleKey_action_function.swift in Sources */ = {isa = PBXBuildFile; fileRef = 6BFBE8892C778D5C00617D39 /* Button_titleKey_action_function.swift */; };
		6BFBE88C2C778F9D00617D39 /* Button_titleKey_role_action.swift in Sources */ = {isa = PBXBuildFile; fileRef = 6BFBE88B2C778F9D00617D39 /* Button_titleKey_role_action.swift */; };
/* End PBXBuildFile section */

/* Begin PBXFileReference section */
		6B06DC9C2C78986200D5FAE8 /* Buton_buttonStyle.swift */ = {isa = PBXFileReference; lastKnownFileType = sourcecode.swift; path = Buton_buttonStyle.swift; sourceTree = "<group>"; };
		6B06DC9E2C7906C200D5FAE8 /* Button_action_label.swift */ = {isa = PBXFileReference; lastKnownFileType = sourcecode.swift; path = Button_action_label.swift; sourceTree = "<group>"; };
		6B27A6752C74F2DE00F1CE3F /* VStack_implicit.swift */ = {isa = PBXFileReference; lastKnownFileType = sourcecode.swift; path = VStack_implicit.swift; sourceTree = "<group>"; };
		6B27A6772C74F38000F1CE3F /* VStack_Explicit.swift */ = {isa = PBXFileReference; lastKnownFileType = sourcecode.swift; path = VStack_Explicit.swift; sourceTree = "<group>"; };
		6B27A6792C74F45000F1CE3F /* VStack_spacing.swift */ = {isa = PBXFileReference; lastKnownFileType = sourcecode.swift; path = VStack_spacing.swift; sourceTree = "<group>"; };
		6B27A67B2C74F71900F1CE3F /* VStack_alignment.swift */ = {isa = PBXFileReference; lastKnownFileType = sourcecode.swift; path = VStack_alignment.swift; sourceTree = "<group>"; };
		6B27A67D2C74F7A100F1CE3F /* VStack_Spacer.swift */ = {isa = PBXFileReference; lastKnownFileType = sourcecode.swift; path = VStack_Spacer.swift; sourceTree = "<group>"; };
		6B312B1B2C7373D60041A9D8 /* Form_Text_Section.swift */ = {isa = PBXFileReference; lastKnownFileType = sourcecode.swift; path = Form_Text_Section.swift; sourceTree = "<group>"; };
		6B312B1D2C7375D70041A9D8 /* NavigationStack_Form_Text_Section.swift */ = {isa = PBXFileReference; lastKnownFileType = sourcecode.swift; path = NavigationStack_Form_Text_Section.swift; sourceTree = "<group>"; };
		6B312B1F2C73791A0041A9D8 /* NavigationStack_Form_navigationTitle.swift */ = {isa = PBXFileReference; lastKnownFileType = sourcecode.swift; path = NavigationStack_Form_navigationTitle.swift; sourceTree = "<group>"; };
		6B312B212C737BB70041A9D8 /* State_TapCount.swift */ = {isa = PBXFileReference; lastKnownFileType = sourcecode.swift; path = State_TapCount.swift; sourceTree = "<group>"; };
		6B312B232C7380EB0041A9D8 /* TwoWayBindingState_EnterYourName.swift */ = {isa = PBXFileReference; lastKnownFileType = sourcecode.swift; path = TwoWayBindingState_EnterYourName.swift; sourceTree = "<group>"; };
		6B312B252C7383F60041A9D8 /* ForEach_Range.swift */ = {isa = PBXFileReference; lastKnownFileType = sourcecode.swift; path = ForEach_Range.swift; sourceTree = "<group>"; };
		6B312B272C7386160041A9D8 /* ForEach_Range_shorthandSyntax.swift */ = {isa = PBXFileReference; lastKnownFileType = sourcecode.swift; path = ForEach_Range_shorthandSyntax.swift; sourceTree = "<group>"; };
		6B312B292C73877E0041A9D8 /* ForEach_Picker.swift */ = {isa = PBXFileReference; lastKnownFileType = sourcecode.swift; path = ForEach_Picker.swift; sourceTree = "<group>"; };
		6B504F692C7DD97300B8AE4D /* Button_alert_Button_role.swift */ = {isa = PBXFileReference; lastKnownFileType = sourcecode.swift; path = Button_alert_Button_role.swift; sourceTree = "<group>"; };
		6B5091A72C75E607006AFE4E /* ZStack_Color_frame_minWidth.swift */ = {isa = PBXFileReference; lastKnownFileType = sourcecode.swift; path = ZStack_Color_frame_minWidth.swift; sourceTree = "<group>"; };
		6B5091A92C75EDA7006AFE4E /* ZStack_Color_semanticColors1.swift */ = {isa = PBXFileReference; lastKnownFileType = sourcecode.swift; path = ZStack_Color_semanticColors1.swift; sourceTree = "<group>"; };
		6B5091AB2C75EF1E006AFE4E /* ZStack_Color_semanticColors2.swift */ = {isa = PBXFileReference; lastKnownFileType = sourcecode.swift; path = ZStack_Color_semanticColors2.swift; sourceTree = "<group>"; };
		6B5091AD2C75F050006AFE4E /* ZStack_Color_RGBCostumeValues.swift */ = {isa = PBXFileReference; lastKnownFileType = sourcecode.swift; path = ZStack_Color_RGBCostumeValues.swift; sourceTree = "<group>"; };
		6B5091AF2C75F5D3006AFE4E /* ZStack_Color_ignoresSafeArea.swift */ = {isa = PBXFileReference; lastKnownFileType = sourcecode.swift; path = ZStack_Color_ignoresSafeArea.swift; sourceTree = "<group>"; };
		6B5091B12C75F728006AFE4E /* ZStack_Color_ultraThinMaterial.swift */ = {isa = PBXFileReference; lastKnownFileType = sourcecode.swift; path = ZStack_Color_ultraThinMaterial.swift; sourceTree = "<group>"; };
		6B58FF5A2C7A3DC800B1ACD0 /* Button_label_Image_systemImage.swift */ = {isa = PBXFileReference; lastKnownFileType = sourcecode.swift; path = Button_label_Image_systemImage.swift; sourceTree = "<group>"; };
		6B60B55F2C76441E0036A99B /* LinearGradient_colors.swift */ = {isa = PBXFileReference; lastKnownFileType = sourcecode.swift; path = LinearGradient_colors.swift; sourceTree = "<group>"; };
		6B71CB512C8870D6008AE70C /* VStack_padding_background.swift */ = {isa = PBXFileReference; lastKnownFileType = sourcecode.swift; path = VStack_padding_background.swift; sourceTree = "<group>"; };
		6B71CB532C887532008AE70C /* VStack_frame_background.swift */ = {isa = PBXFileReference; lastKnownFileType = sourcecode.swift; path = VStack_frame_background.swift; sourceTree = "<group>"; };
		6BA9E4092C7AE7C6000C6388 /* Button_systemImage.swift */ = {isa = PBXFileReference; lastKnownFileType = sourcecode.swift; path = Button_systemImage.swift; sourceTree = "<group>"; };
		6BB165702C736EED00D9DBCB /* SwiftUI_Projects_Overviews.app */ = {isa = PBXFileReference; explicitFileType = wrapper.application; includeInIndex = 0; path = SwiftUI_Projects_Overviews.app; sourceTree = BUILT_PRODUCTS_DIR; };
		6BB165732C736EED00D9DBCB /* SwiftUI_Projects_OverviewsApp.swift */ = {isa = PBXFileReference; lastKnownFileType = sourcecode.swift; path = SwiftUI_Projects_OverviewsApp.swift; sourceTree = "<group>"; };
		6BB165752C736EED00D9DBCB /* Form_Text.swift */ = {isa = PBXFileReference; lastKnownFileType = sourcecode.swift; path = Form_Text.swift; sourceTree = "<group>"; };
		6BB165772C736EEE00D9DBCB /* Assets.xcassets */ = {isa = PBXFileReference; lastKnownFileType = folder.assetcatalog; path = Assets.xcassets; sourceTree = "<group>"; };
		6BB1657A2C736EEE00D9DBCB /* Preview Assets.xcassets */ = {isa = PBXFileReference; lastKnownFileType = folder.assetcatalog; path = "Preview Assets.xcassets"; sourceTree = "<group>"; };
		6BC561942C74FA4100C27484 /* VStack_Spacers.swift */ = {isa = PBXFileReference; lastKnownFileType = sourcecode.swift; path = VStack_Spacers.swift; sourceTree = "<group>"; };
		6BC561962C74FBA200C27484 /* ZStack_background1.swift */ = {isa = PBXFileReference; lastKnownFileType = sourcecode.swift; path = ZStack_background1.swift; sourceTree = "<group>"; };
		6BC561982C74FEF400C27484 /* ZStack_background2.swift */ = {isa = PBXFileReference; lastKnownFileType = sourcecode.swift; path = ZStack_background2.swift; sourceTree = "<group>"; };
		6BC5619A2C74FF8D00C27484 /* ZStack_Color_frame_wholeArea.swift */ = {isa = PBXFileReference; lastKnownFileType = sourcecode.swift; path = ZStack_Color_frame_wholeArea.swift; sourceTree = "<group>"; };
		6BC5619C2C75015200C27484 /* ZStack_Color_specificSize.swift */ = {isa = PBXFileReference; lastKnownFileType = sourcecode.swift; path = ZStack_Color_specificSize.swift; sourceTree = "<group>"; };
		6BE4CD632C7B83EA00B47692 /* Button_label_Label.swift */ = {isa = PBXFileReference; lastKnownFileType = sourcecode.swift; path = Button_label_Label.swift; sourceTree = "<group>"; };
		6BF876DC2C7CE7FD006002F4 /* Button_alert.swift */ = {isa = PBXFileReference; lastKnownFileType = sourcecode.swift; path = Button_alert.swift; sourceTree = "<group>"; };
		6BFBE87D2C7737C800617D39 /* LinearGradient_stops1.swift */ = {isa = PBXFileReference; lastKnownFileType = sourcecode.swift; path = LinearGradient_stops1.swift; sourceTree = "<group>"; };
		6BFBE87F2C773AA700617D39 /* LinearGradient_stops2.swift */ = {isa = PBXFileReference; lastKnownFileType = sourcecode.swift; path = LinearGradient_stops2.swift; sourceTree = "<group>"; };
		6BFBE8812C773D9700617D39 /* RadialGradient_colors.swift */ = {isa = PBXFileReference; lastKnownFileType = sourcecode.swift; path = RadialGradient_colors.swift; sourceTree = "<group>"; };
		6BFBE8832C7740CD00617D39 /* AngularGradient_colors.swift */ = {isa = PBXFileReference; lastKnownFileType = sourcecode.swift; path = AngularGradient_colors.swift; sourceTree = "<group>"; };
		6BFBE8852C77445C00617D39 /* Text_frame_background_Color_gradient.swift */ = {isa = PBXFileReference; lastKnownFileType = sourcecode.swift; path = Text_frame_background_Color_gradient.swift; sourceTree = "<group>"; };
		6BFBE8872C774A4800617D39 /* Button_titleKey_action.swift */ = {isa = PBXFileReference; lastKnownFileType = sourcecode.swift; path = Button_titleKey_action.swift; sourceTree = "<group>"; };
		6BFBE8892C778D5C00617D39 /* Button_titleKey_action_function.swift */ = {isa = PBXFileReference; lastKnownFileType = sourcecode.swift; path = Button_titleKey_action_function.swift; sourceTree = "<group>"; };
		6BFBE88B2C778F9D00617D39 /* Button_titleKey_role_action.swift */ = {isa = PBXFileReference; lastKnownFileType = sourcecode.swift; path = Button_titleKey_role_action.swift; sourceTree = "<group>"; };
/* End PBXFileReference section */

/* Begin PBXFrameworksBuildPhase section */
		6BB1656D2C736EED00D9DBCB /* Frameworks */ = {
			isa = PBXFrameworksBuildPhase;
			buildActionMask = 2147483647;
			files = (
			);
			runOnlyForDeploymentPostprocessing = 0;
		};
/* End PBXFrameworksBuildPhase section */

/* Begin PBXGroup section */
		6B27A6742C74F1E000F1CE3F /* GuessTheFlag */ = {
			isa = PBXGroup;
			children = (
				6B27A6752C74F2DE00F1CE3F /* VStack_implicit.swift */,
				6B27A6772C74F38000F1CE3F /* VStack_Explicit.swift */,
				6B27A6792C74F45000F1CE3F /* VStack_spacing.swift */,
				6B27A67B2C74F71900F1CE3F /* VStack_alignment.swift */,
				6B27A67D2C74F7A100F1CE3F /* VStack_Spacer.swift */,
				6BC561942C74FA4100C27484 /* VStack_Spacers.swift */,
				6BC561962C74FBA200C27484 /* ZStack_background1.swift */,
				6BC561982C74FEF400C27484 /* ZStack_background2.swift */,
				6BC5619A2C74FF8D00C27484 /* ZStack_Color_frame_wholeArea.swift */,
				6BC5619C2C75015200C27484 /* ZStack_Color_specificSize.swift */,
				6B5091A72C75E607006AFE4E /* ZStack_Color_frame_minWidth.swift */,
				6B5091A92C75EDA7006AFE4E /* ZStack_Color_semanticColors1.swift */,
				6B5091AB2C75EF1E006AFE4E /* ZStack_Color_semanticColors2.swift */,
				6B5091AD2C75F050006AFE4E /* ZStack_Color_RGBCostumeValues.swift */,
				6B5091AF2C75F5D3006AFE4E /* ZStack_Color_ignoresSafeArea.swift */,
				6B5091B12C75F728006AFE4E /* ZStack_Color_ultraThinMaterial.swift */,
				6B60B55F2C76441E0036A99B /* LinearGradient_colors.swift */,
				6BFBE87D2C7737C800617D39 /* LinearGradient_stops1.swift */,
				6BFBE87F2C773AA700617D39 /* LinearGradient_stops2.swift */,
				6BFBE8812C773D9700617D39 /* RadialGradient_colors.swift */,
				6BFBE8832C7740CD00617D39 /* AngularGradient_colors.swift */,
				6BFBE8852C77445C00617D39 /* Text_frame_background_Color_gradient.swift */,
				6BFBE8872C774A4800617D39 /* Button_titleKey_action.swift */,
				6BFBE8892C778D5C00617D39 /* Button_titleKey_action_function.swift */,
				6BFBE88B2C778F9D00617D39 /* Button_titleKey_role_action.swift */,
				6B06DC9C2C78986200D5FAE8 /* Buton_buttonStyle.swift */,
				6B06DC9E2C7906C200D5FAE8 /* Button_action_label.swift */,
				6B58FF5A2C7A3DC800B1ACD0 /* Button_label_Image_systemImage.swift */,
				6BA9E4092C7AE7C6000C6388 /* Button_systemImage.swift */,
				6BE4CD632C7B83EA00B47692 /* Button_label_Label.swift */,
				6BF876DC2C7CE7FD006002F4 /* Button_alert.swift */,
				6B504F692C7DD97300B8AE4D /* Button_alert_Button_role.swift */,
			);
			path = GuessTheFlag;
			sourceTree = "<group>";
		};
		6B312B1A2C73735D0041A9D8 /* WeSplit */ = {
			isa = PBXGroup;
			children = (
				6BB165752C736EED00D9DBCB /* Form_Text.swift */,
				6B312B1B2C7373D60041A9D8 /* Form_Text_Section.swift */,
				6B312B1D2C7375D70041A9D8 /* NavigationStack_Form_Text_Section.swift */,
				6B312B1F2C73791A0041A9D8 /* NavigationStack_Form_navigationTitle.swift */,
				6B312B212C737BB70041A9D8 /* State_TapCount.swift */,
				6B312B232C7380EB0041A9D8 /* TwoWayBindingState_EnterYourName.swift */,
				6B312B252C7383F60041A9D8 /* ForEach_Range.swift */,
				6B312B272C7386160041A9D8 /* ForEach_Range_shorthandSyntax.swift */,
				6B312B292C73877E0041A9D8 /* ForEach_Picker.swift */,
			);
			path = WeSplit;
			sourceTree = "<group>";
		};
		6B71CB502C885BB0008AE70C /* ViewsAndModifiers */ = {
			isa = PBXGroup;
			children = (
				6B71CB512C8870D6008AE70C /* VStack_padding_background.swift */,
				6B71CB532C887532008AE70C /* VStack_frame_background.swift */,
			);
			path = ViewsAndModifiers;
			sourceTree = "<group>";
		};
		6BB165672C736EED00D9DBCB = {
			isa = PBXGroup;
			children = (
				6BB165722C736EED00D9DBCB /* SwiftUI_Projects_Overviews */,
				6BB165712C736EED00D9DBCB /* Products */,
			);
			sourceTree = "<group>";
		};
		6BB165712C736EED00D9DBCB /* Products */ = {
			isa = PBXGroup;
			children = (
				6BB165702C736EED00D9DBCB /* SwiftUI_Projects_Overviews.app */,
			);
			name = Products;
			sourceTree = "<group>";
		};
		6BB165722C736EED00D9DBCB /* SwiftUI_Projects_Overviews */ = {
			isa = PBXGroup;
			children = (
				6BB165732C736EED00D9DBCB /* SwiftUI_Projects_OverviewsApp.swift */,
				6B312B1A2C73735D0041A9D8 /* WeSplit */,
				6B27A6742C74F1E000F1CE3F /* GuessTheFlag */,
				6B71CB502C885BB0008AE70C /* ViewsAndModifiers */,
				6BB165772C736EEE00D9DBCB /* Assets.xcassets */,
				6BB165792C736EEE00D9DBCB /* Preview Content */,
			);
			path = SwiftUI_Projects_Overviews;
			sourceTree = "<group>";
		};
		6BB165792C736EEE00D9DBCB /* Preview Content */ = {
			isa = PBXGroup;
			children = (
				6BB1657A2C736EEE00D9DBCB /* Preview Assets.xcassets */,
			);
			path = "Preview Content";
			sourceTree = "<group>";
		};
/* End PBXGroup section */

/* Begin PBXNativeTarget section */
		6BB1656F2C736EED00D9DBCB /* SwiftUI_Projects_Overviews */ = {
			isa = PBXNativeTarget;
			buildConfigurationList = 6BB1657E2C736EEE00D9DBCB /* Build configuration list for PBXNativeTarget "SwiftUI_Projects_Overviews" */;
			buildPhases = (
				6BB1656C2C736EED00D9DBCB /* Sources */,
				6BB1656D2C736EED00D9DBCB /* Frameworks */,
				6BB1656E2C736EED00D9DBCB /* Resources */,
			);
			buildRules = (
			);
			dependencies = (
			);
			name = SwiftUI_Projects_Overviews;
			productName = SwiftUI_Projects_Overviews;
			productReference = 6BB165702C736EED00D9DBCB /* SwiftUI_Projects_Overviews.app */;
			productType = "com.apple.product-type.application";
		};
/* End PBXNativeTarget section */

/* Begin PBXProject section */
		6BB165682C736EED00D9DBCB /* Project object */ = {
			isa = PBXProject;
			attributes = {
				BuildIndependentTargetsInParallel = 1;
				LastSwiftUpdateCheck = 1540;
				LastUpgradeCheck = 1540;
				TargetAttributes = {
					6BB1656F2C736EED00D9DBCB = {
						CreatedOnToolsVersion = 15.4;
					};
				};
			};
			buildConfigurationList = 6BB1656B2C736EED00D9DBCB /* Build configuration list for PBXProject "SwiftUI_Projects_Overviews" */;
			compatibilityVersion = "Xcode 14.0";
			developmentRegion = en;
			hasScannedForEncodings = 0;
			knownRegions = (
				en,
				Base,
			);
			mainGroup = 6BB165672C736EED00D9DBCB;
			productRefGroup = 6BB165712C736EED00D9DBCB /* Products */;
			projectDirPath = "";
			projectRoot = "";
			targets = (
				6BB1656F2C736EED00D9DBCB /* SwiftUI_Projects_Overviews */,
			);
		};
/* End PBXProject section */

/* Begin PBXResourcesBuildPhase section */
		6BB1656E2C736EED00D9DBCB /* Resources */ = {
			isa = PBXResourcesBuildPhase;
			buildActionMask = 2147483647;
			files = (
				6BB1657B2C736EEE00D9DBCB /* Preview Assets.xcassets in Resources */,
				6BB165782C736EEE00D9DBCB /* Assets.xcassets in Resources */,
			);
			runOnlyForDeploymentPostprocessing = 0;
		};
/* End PBXResourcesBuildPhase section */

/* Begin PBXSourcesBuildPhase section */
		6BB1656C2C736EED00D9DBCB /* Sources */ = {
			isa = PBXSourcesBuildPhase;
			buildActionMask = 2147483647;
			files = (
				6BC5619D2C75015200C27484 /* ZStack_Color_specificSize.swift in Sources */,
				6BC561992C74FEF400C27484 /* ZStack_background2.swift in Sources */,
				6B06DC9D2C78986200D5FAE8 /* Buton_buttonStyle.swift in Sources */,
				6B60B5602C76441E0036A99B /* LinearGradient_colors.swift in Sources */,
				6B5091A82C75E607006AFE4E /* ZStack_Color_frame_minWidth.swift in Sources */,
				6BFBE88A2C778D5C00617D39 /* Button_titleKey_action_function.swift in Sources */,
				6BFBE87E2C7737C800617D39 /* LinearGradient_stops1.swift in Sources */,
				6B312B242C7380EB0041A9D8 /* TwoWayBindingState_EnterYourName.swift in Sources */,
				6B27A67C2C74F71900F1CE3F /* VStack_alignment.swift in Sources */,
				6B5091B02C75F5D3006AFE4E /* ZStack_Color_ignoresSafeArea.swift in Sources */,
				6BC561972C74FBA200C27484 /* ZStack_background1.swift in Sources */,
				6B5091AE2C75F050006AFE4E /* ZStack_Color_RGBCostumeValues.swift in Sources */,
				6BB165762C736EED00D9DBCB /* Form_Text.swift in Sources */,
				6B71CB542C887532008AE70C /* VStack_frame_background.swift in Sources */,
				6BE4CD642C7B83EA00B47692 /* Button_label_Label.swift in Sources */,
				6B312B2A2C73877E0041A9D8 /* ForEach_Picker.swift in Sources */,
				6BF876DD2C7CE7FD006002F4 /* Button_alert.swift in Sources */,
				6B312B262C7383F60041A9D8 /* ForEach_Range.swift in Sources */,
				6B5091AA2C75EDA7006AFE4E /* ZStack_Color_semanticColors1.swift in Sources */,
				6BA9E40A2C7AE7C6000C6388 /* Button_systemImage.swift in Sources */,
				6B06DC9F2C7906C200D5FAE8 /* Button_action_label.swift in Sources */,
				6B27A67E2C74F7A100F1CE3F /* VStack_Spacer.swift in Sources */,
				6BB165742C736EED00D9DBCB /* SwiftUI_Projects_OverviewsApp.swift in Sources */,
				6B312B1C2C7373D60041A9D8 /* Form_Text_Section.swift in Sources */,
				6B27A67A2C74F45000F1CE3F /* VStack_spacing.swift in Sources */,
				6B312B282C7386160041A9D8 /* ForEach_Range_shorthandSyntax.swift in Sources */,
				6B312B222C737BB70041A9D8 /* State_TapCount.swift in Sources */,
				6BFBE8882C774A4800617D39 /* Button_titleKey_action.swift in Sources */,
				6B71CB522C8870D6008AE70C /* VStack_padding_background.swift in Sources */,
				6BFBE8842C7740CD00617D39 /* AngularGradient_colors.swift in Sources */,
				6BFBE8802C773AA700617D39 /* LinearGradient_stops2.swift in Sources */,
				6B5091B22C75F728006AFE4E /* ZStack_Color_ultraThinMaterial.swift in Sources */,
				6BC561952C74FA4100C27484 /* VStack_Spacers.swift in Sources */,
				6B5091AC2C75EF1E006AFE4E /* ZStack_Color_semanticColors2.swift in Sources */,
				6B504F6A2C7DD97300B8AE4D /* Button_alert_Button_role.swift in Sources */,
				6B312B1E2C7375D70041A9D8 /* NavigationStack_Form_Text_Section.swift in Sources */,
				6B27A6782C74F38000F1CE3F /* VStack_Explicit.swift in Sources */,
				6BFBE88C2C778F9D00617D39 /* Button_titleKey_role_action.swift in Sources */,
				6BFBE8862C77445C00617D39 /* Text_frame_background_Color_gradient.swift in Sources */,
				6B58FF5B2C7A3DC800B1ACD0 /* Button_label_Image_systemImage.swift in Sources */,
				6BFBE8822C773D9700617D39 /* RadialGradient_colors.swift in Sources */,
				6B27A6762C74F2DE00F1CE3F /* VStack_implicit.swift in Sources */,
				6B312B202C73791A0041A9D8 /* NavigationStack_Form_navigationTitle.swift in Sources */,
				6BC5619B2C74FF8D00C27484 /* ZStack_Color_frame_wholeArea.swift in Sources */,
			);
			runOnlyForDeploymentPostprocessing = 0;
		};
/* End PBXSourcesBuildPhase section */

/* Begin XCBuildConfiguration section */
		6BB1657C2C736EEE00D9DBCB /* Debug */ = {
			isa = XCBuildConfiguration;
			buildSettings = {
				ALWAYS_SEARCH_USER_PATHS = NO;
				ASSETCATALOG_COMPILER_GENERATE_SWIFT_ASSET_SYMBOL_EXTENSIONS = YES;
				CLANG_ANALYZER_NONNULL = YES;
				CLANG_ANALYZER_NUMBER_OBJECT_CONVERSION = YES_AGGRESSIVE;
				CLANG_CXX_LANGUAGE_STANDARD = "gnu++20";
				CLANG_ENABLE_MODULES = YES;
				CLANG_ENABLE_OBJC_ARC = YES;
				CLANG_ENABLE_OBJC_WEAK = YES;
				CLANG_WARN_BLOCK_CAPTURE_AUTORELEASING = YES;
				CLANG_WARN_BOOL_CONVERSION = YES;
				CLANG_WARN_COMMA = YES;
				CLANG_WARN_CONSTANT_CONVERSION = YES;
				CLANG_WARN_DEPRECATED_OBJC_IMPLEMENTATIONS = YES;
				CLANG_WARN_DIRECT_OBJC_ISA_USAGE = YES_ERROR;
				CLANG_WARN_DOCUMENTATION_COMMENTS = YES;
				CLANG_WARN_EMPTY_BODY = YES;
				CLANG_WARN_ENUM_CONVERSION = YES;
				CLANG_WARN_INFINITE_RECURSION = YES;
				CLANG_WARN_INT_CONVERSION = YES;
				CLANG_WARN_NON_LITERAL_NULL_CONVERSION = YES;
				CLANG_WARN_OBJC_IMPLICIT_RETAIN_SELF = YES;
				CLANG_WARN_OBJC_LITERAL_CONVERSION = YES;
				CLANG_WARN_OBJC_ROOT_CLASS = YES_ERROR;
				CLANG_WARN_QUOTED_INCLUDE_IN_FRAMEWORK_HEADER = YES;
				CLANG_WARN_RANGE_LOOP_ANALYSIS = YES;
				CLANG_WARN_STRICT_PROTOTYPES = YES;
				CLANG_WARN_SUSPICIOUS_MOVE = YES;
				CLANG_WARN_UNGUARDED_AVAILABILITY = YES_AGGRESSIVE;
				CLANG_WARN_UNREACHABLE_CODE = YES;
				CLANG_WARN__DUPLICATE_METHOD_MATCH = YES;
				COPY_PHASE_STRIP = NO;
				DEBUG_INFORMATION_FORMAT = dwarf;
				ENABLE_STRICT_OBJC_MSGSEND = YES;
				ENABLE_TESTABILITY = YES;
				ENABLE_USER_SCRIPT_SANDBOXING = YES;
				GCC_C_LANGUAGE_STANDARD = gnu17;
				GCC_DYNAMIC_NO_PIC = NO;
				GCC_NO_COMMON_BLOCKS = YES;
				GCC_OPTIMIZATION_LEVEL = 0;
				GCC_PREPROCESSOR_DEFINITIONS = (
					"DEBUG=1",
					"$(inherited)",
				);
				GCC_WARN_64_TO_32_BIT_CONVERSION = YES;
				GCC_WARN_ABOUT_RETURN_TYPE = YES_ERROR;
				GCC_WARN_UNDECLARED_SELECTOR = YES;
				GCC_WARN_UNINITIALIZED_AUTOS = YES_AGGRESSIVE;
				GCC_WARN_UNUSED_FUNCTION = YES;
				GCC_WARN_UNUSED_VARIABLE = YES;
				IPHONEOS_DEPLOYMENT_TARGET = 17.5;
				LOCALIZATION_PREFERS_STRING_CATALOGS = YES;
				MTL_ENABLE_DEBUG_INFO = INCLUDE_SOURCE;
				MTL_FAST_MATH = YES;
				ONLY_ACTIVE_ARCH = YES;
				SDKROOT = iphoneos;
				SWIFT_ACTIVE_COMPILATION_CONDITIONS = "DEBUG $(inherited)";
				SWIFT_OPTIMIZATION_LEVEL = "-Onone";
			};
			name = Debug;
		};
		6BB1657D2C736EEE00D9DBCB /* Release */ = {
			isa = XCBuildConfiguration;
			buildSettings = {
				ALWAYS_SEARCH_USER_PATHS = NO;
				ASSETCATALOG_COMPILER_GENERATE_SWIFT_ASSET_SYMBOL_EXTENSIONS = YES;
				CLANG_ANALYZER_NONNULL = YES;
				CLANG_ANALYZER_NUMBER_OBJECT_CONVERSION = YES_AGGRESSIVE;
				CLANG_CXX_LANGUAGE_STANDARD = "gnu++20";
				CLANG_ENABLE_MODULES = YES;
				CLANG_ENABLE_OBJC_ARC = YES;
				CLANG_ENABLE_OBJC_WEAK = YES;
				CLANG_WARN_BLOCK_CAPTURE_AUTORELEASING = YES;
				CLANG_WARN_BOOL_CONVERSION = YES;
				CLANG_WARN_COMMA = YES;
				CLANG_WARN_CONSTANT_CONVERSION = YES;
				CLANG_WARN_DEPRECATED_OBJC_IMPLEMENTATIONS = YES;
				CLANG_WARN_DIRECT_OBJC_ISA_USAGE = YES_ERROR;
				CLANG_WARN_DOCUMENTATION_COMMENTS = YES;
				CLANG_WARN_EMPTY_BODY = YES;
				CLANG_WARN_ENUM_CONVERSION = YES;
				CLANG_WARN_INFINITE_RECURSION = YES;
				CLANG_WARN_INT_CONVERSION = YES;
				CLANG_WARN_NON_LITERAL_NULL_CONVERSION = YES;
				CLANG_WARN_OBJC_IMPLICIT_RETAIN_SELF = YES;
				CLANG_WARN_OBJC_LITERAL_CONVERSION = YES;
				CLANG_WARN_OBJC_ROOT_CLASS = YES_ERROR;
				CLANG_WARN_QUOTED_INCLUDE_IN_FRAMEWORK_HEADER = YES;
				CLANG_WARN_RANGE_LOOP_ANALYSIS = YES;
				CLANG_WARN_STRICT_PROTOTYPES = YES;
				CLANG_WARN_SUSPICIOUS_MOVE = YES;
				CLANG_WARN_UNGUARDED_AVAILABILITY = YES_AGGRESSIVE;
				CLANG_WARN_UNREACHABLE_CODE = YES;
				CLANG_WARN__DUPLICATE_METHOD_MATCH = YES;
				COPY_PHASE_STRIP = NO;
				DEBUG_INFORMATION_FORMAT = "dwarf-with-dsym";
				ENABLE_NS_ASSERTIONS = NO;
				ENABLE_STRICT_OBJC_MSGSEND = YES;
				ENABLE_USER_SCRIPT_SANDBOXING = YES;
				GCC_C_LANGUAGE_STANDARD = gnu17;
				GCC_NO_COMMON_BLOCKS = YES;
				GCC_WARN_64_TO_32_BIT_CONVERSION = YES;
				GCC_WARN_ABOUT_RETURN_TYPE = YES_ERROR;
				GCC_WARN_UNDECLARED_SELECTOR = YES;
				GCC_WARN_UNINITIALIZED_AUTOS = YES_AGGRESSIVE;
				GCC_WARN_UNUSED_FUNCTION = YES;
				GCC_WARN_UNUSED_VARIABLE = YES;
				IPHONEOS_DEPLOYMENT_TARGET = 17.5;
				LOCALIZATION_PREFERS_STRING_CATALOGS = YES;
				MTL_ENABLE_DEBUG_INFO = NO;
				MTL_FAST_MATH = YES;
				SDKROOT = iphoneos;
				SWIFT_COMPILATION_MODE = wholemodule;
				VALIDATE_PRODUCT = YES;
			};
			name = Release;
		};
		6BB1657F2C736EEE00D9DBCB /* Debug */ = {
			isa = XCBuildConfiguration;
			buildSettings = {
				ASSETCATALOG_COMPILER_APPICON_NAME = AppIcon;
				ASSETCATALOG_COMPILER_GLOBAL_ACCENT_COLOR_NAME = AccentColor;
				CODE_SIGN_STYLE = Automatic;
				CURRENT_PROJECT_VERSION = 1;
				DEVELOPMENT_ASSET_PATHS = "\"SwiftUI_Projects_Overviews/Preview Content\"";
				DEVELOPMENT_TEAM = 949Z9P63ML;
				ENABLE_PREVIEWS = YES;
				GENERATE_INFOPLIST_FILE = YES;
				INFOPLIST_KEY_UIApplicationSceneManifest_Generation = YES;
				INFOPLIST_KEY_UIApplicationSupportsIndirectInputEvents = YES;
				INFOPLIST_KEY_UILaunchScreen_Generation = YES;
				INFOPLIST_KEY_UISupportedInterfaceOrientations_iPad = "UIInterfaceOrientationPortrait UIInterfaceOrientationPortraitUpsideDown UIInterfaceOrientationLandscapeLeft UIInterfaceOrientationLandscapeRight";
				INFOPLIST_KEY_UISupportedInterfaceOrientations_iPhone = "UIInterfaceOrientationPortrait UIInterfaceOrientationLandscapeLeft UIInterfaceOrientationLandscapeRight";
				LD_RUNPATH_SEARCH_PATHS = (
					"$(inherited)",
					"@executable_path/Frameworks",
				);
				MARKETING_VERSION = 1.0;
				PRODUCT_BUNDLE_IDENTIFIER = "com.ignasiperez.SwiftUI-Projects-Overviews";
				PRODUCT_NAME = "$(TARGET_NAME)";
				SWIFT_EMIT_LOC_STRINGS = YES;
				SWIFT_VERSION = 5.0;
				TARGETED_DEVICE_FAMILY = "1,2";
			};
			name = Debug;
		};
		6BB165802C736EEE00D9DBCB /* Release */ = {
			isa = XCBuildConfiguration;
			buildSettings = {
				ASSETCATALOG_COMPILER_APPICON_NAME = AppIcon;
				ASSETCATALOG_COMPILER_GLOBAL_ACCENT_COLOR_NAME = AccentColor;
				CODE_SIGN_STYLE = Automatic;
				CURRENT_PROJECT_VERSION = 1;
				DEVELOPMENT_ASSET_PATHS = "\"SwiftUI_Projects_Overviews/Preview Content\"";
				DEVELOPMENT_TEAM = 949Z9P63ML;
				ENABLE_PREVIEWS = YES;
				GENERATE_INFOPLIST_FILE = YES;
				INFOPLIST_KEY_UIApplicationSceneManifest_Generation = YES;
				INFOPLIST_KEY_UIApplicationSupportsIndirectInputEvents = YES;
				INFOPLIST_KEY_UILaunchScreen_Generation = YES;
				INFOPLIST_KEY_UISupportedInterfaceOrientations_iPad = "UIInterfaceOrientationPortrait UIInterfaceOrientationPortraitUpsideDown UIInterfaceOrientationLandscapeLeft UIInterfaceOrientationLandscapeRight";
				INFOPLIST_KEY_UISupportedInterfaceOrientations_iPhone = "UIInterfaceOrientationPortrait UIInterfaceOrientationLandscapeLeft UIInterfaceOrientationLandscapeRight";
				LD_RUNPATH_SEARCH_PATHS = (
					"$(inherited)",
					"@executable_path/Frameworks",
				);
				MARKETING_VERSION = 1.0;
				PRODUCT_BUNDLE_IDENTIFIER = "com.ignasiperez.SwiftUI-Projects-Overviews";
				PRODUCT_NAME = "$(TARGET_NAME)";
				SWIFT_EMIT_LOC_STRINGS = YES;
				SWIFT_VERSION = 5.0;
				TARGETED_DEVICE_FAMILY = "1,2";
			};
			name = Release;
		};
/* End XCBuildConfiguration section */

/* Begin XCConfigurationList section */
		6BB1656B2C736EED00D9DBCB /* Build configuration list for PBXProject "SwiftUI_Projects_Overviews" */ = {
			isa = XCConfigurationList;
			buildConfigurations = (
				6BB1657C2C736EEE00D9DBCB /* Debug */,
				6BB1657D2C736EEE00D9DBCB /* Release */,
			);
			defaultConfigurationIsVisible = 0;
			defaultConfigurationName = Release;
		};
		6BB1657E2C736EEE00D9DBCB /* Build configuration list for PBXNativeTarget "SwiftUI_Projects_Overviews" */ = {
			isa = XCConfigurationList;
			buildConfigurations = (
				6BB1657F2C736EEE00D9DBCB /* Debug */,
				6BB165802C736EEE00D9DBCB /* Release */,
			);
			defaultConfigurationIsVisible = 0;
			defaultConfigurationName = Release;
		};
/* End XCConfigurationList section */
	};
	rootObject = 6BB165682C736EED00D9DBCB /* Project object */;
}
